
Microsoft Visual Studio Solution File, Format Version 12.00
# Visual Studio Version 16
VisualStudioVersion = 16.0.31321.278
MinimumVisualStudioVersion = 10.0.40219.1
Project("{FAE04EC0-301F-11D3-BF4B-00C04F79EFBC}") = "MVC uppgift 1", "MVC uppgift 1\MVC uppgift 1.csproj", "{B12F4422-5B0C-4BFC-AB97-1ABC4C644AB0}"
EndProject
Global
	GlobalSection(SolutionConfigurationPlatforms) = preSolution
		Debug|Any CPU = Debug|Any CPU
		Release|Any CPU = Release|Any CPU
	EndGlobalSection
	GlobalSection(ProjectConfigurationPlatforms) = postSolution
		{B12F4422-5B0C-4BFC-AB97-1ABC4C644AB0}.Debug|Any CPU.ActiveCfg = Debug|Any CPU
		{B12F4422-5B0C-4BFC-AB97-1ABC4C644AB0}.Debug|Any CPU.Build.0 = Debug|Any CPU
		{B12F4422-5B0C-4BFC-AB97-1ABC4C644AB0}.Release|Any CPU.ActiveCfg = Release|Any CPU
		{B12F4422-5B0C-4BFC-AB97-1ABC4C644AB0}.Release|Any CPU.Build.0 = Release|Any CPU
	EndGlobalSection
	GlobalSection(SolutionProperties) = preSolution
		HideSolutionNode = FALSE
	EndGlobalSection
	GlobalSection(ExtensibilityGlobals) = postSolution
		SolutionGuid = {16BD43C3-BD72-4614-8203-7F244476C10A}
	EndGlobalSection
EndGlobal
